
Microsoft Visual Studio Solution File, Format Version 12.00
# Visual Studio 14
VisualStudioVersion = 14.0.25420.1
MinimumVisualStudioVersion = 10.0.40219.1
Project("{8BC9CEB8-8B4A-11D0-8D11-00A0C91BC942}") = "BaseClasses", "third_party\win7-directshow-samples\baseclasses\baseclasses.vcxproj", "{E8A3F6FA-AE1C-4C8E-A0B6-9C8480324EAA}"
EndProject
Project("{8BC9CEB8-8B4A-11D0-8D11-00A0C91BC942}") = "BeboGameCapture", "bebo-capture-svc\BeboCapture.vcxproj", "{39469123-3EB7-45F3-A15B-3854DFD2C2EB}"
	ProjectSection(ProjectDependencies) = postProject
		{71FDAA49-1687-41BA-81A3-4719FFA257B2} = {71FDAA49-1687-41BA-81A3-4719FFA257B2}
		{10BF8F8F-8B14-485C-89F7-8100D72D5CBB} = {10BF8F8F-8B14-485C-89F7-8100D72D5CBB}
		{BF4003F1-C313-42E0-A820-ABE031F1254C} = {BF4003F1-C313-42E0-A820-ABE031F1254C}
		{E8A3F6FA-AE1C-4C8E-A0B6-9C8480324EAA} = {E8A3F6FA-AE1C-4C8E-A0B6-9C8480324EAA}
	EndProjectSection
EndProject
Project("{8BC9CEB8-8B4A-11D0-8D11-00A0C91BC942}") = "get-graphics-offsets", "get-graphics-offsets\get-graphics-offsets.vcxproj", "{51A07B5D-5F16-4B9D-BD85-161B491CEC03}"
EndProject
Project("{8BC9CEB8-8B4A-11D0-8D11-00A0C91BC942}") = "inject-helper", "inject-helper\inject-helper.vcxproj", "{A0D1F890-8D03-43A2-A670-B8C9ACFF94AE}"
	ProjectSection(ProjectDependencies) = postProject
		{71FDAA49-1687-41BA-81A3-4719FFA257B2} = {71FDAA49-1687-41BA-81A3-4719FFA257B2}
		{BF4003F1-C313-42E0-A820-ABE031F1254C} = {BF4003F1-C313-42E0-A820-ABE031F1254C}
	EndProjectSection
EndProject
Project("{8BC9CEB8-8B4A-11D0-8D11-00A0C91BC942}") = "graphics-hook", "graphics-hook\graphics-hook.vcxproj", "{06DBBB88-F214-49FC-8D58-65E0B071D213}"
	ProjectSection(ProjectDependencies) = postProject
		{71FDAA49-1687-41BA-81A3-4719FFA257B2} = {71FDAA49-1687-41BA-81A3-4719FFA257B2}
		{10BF8F8F-8B14-485C-89F7-8100D72D5CBB} = {10BF8F8F-8B14-485C-89F7-8100D72D5CBB}
	EndProjectSection
EndProject
Project("{8BC9CEB8-8B4A-11D0-8D11-00A0C91BC942}") = "util", "util\util.vcxproj", "{71FDAA49-1687-41BA-81A3-4719FFA257B2}"
	ProjectSection(ProjectDependencies) = postProject
		{BF4003F1-C313-42E0-A820-ABE031F1254C} = {BF4003F1-C313-42E0-A820-ABE031F1254C}
	EndProjectSection
EndProject
Project("{8BC9CEB8-8B4A-11D0-8D11-00A0C91BC942}") = "pthread", "third_party\w32-pthreads\pthread.vcxproj", "{BF4003F1-C313-42E0-A820-ABE031F1254C}"
EndProject
Project("{8BC9CEB8-8B4A-11D0-8D11-00A0C91BC942}") = "ipc-util", "third_party\ipc-util\ipc-util.vcxproj", "{10BF8F8F-8B14-485C-89F7-8100D72D5CBB}"
EndProject
Project("{8BC9CEB8-8B4A-11D0-8D11-00A0C91BC942}") = "proxy-dll", "proxy-dll\proxy-dll.vcxproj", "{8DCF78B5-E5F5-41A2-907F-F8276F2B8619}"
EndProject
Project("{2150E333-8FDC-42A3-9474-1A3956D46DE8}") = "Solution Items", "Solution Items", "{1FAB67FA-68C8-4CCA-8108-CA7FF38482E1}"
	ProjectSection(SolutionItems) = preProject
		README.md = README.md
	EndProjectSection
EndProject
Project("{8BC9CEB8-8B4A-11D0-8D11-00A0C91BC942}") = "g3log", "g3log\g3log.vcxproj", "{069F262C-A591-4542-825E-A2A124F023E7}"
EndProject
Global
	GlobalSection(SolutionConfigurationPlatforms) = preSolution
		Debug|Any CPU = Debug|Any CPU
		Debug|ARM = Debug|ARM
		Debug|x64 = Debug|x64
		Debug|x86 = Debug|x86
		Debug-Static|Any CPU = Debug-Static|Any CPU
		Debug-Static|ARM = Debug-Static|ARM
		Debug-Static|x64 = Debug-Static|x64
		Debug-Static|x86 = Debug-Static|x86
		Release|Any CPU = Release|Any CPU
		Release|ARM = Release|ARM
		Release|x64 = Release|x64
		Release|x86 = Release|x86
		Release-Static|Any CPU = Release-Static|Any CPU
		Release-Static|ARM = Release-Static|ARM
		Release-Static|x64 = Release-Static|x64
		Release-Static|x86 = Release-Static|x86
	EndGlobalSection
	GlobalSection(ProjectConfigurationPlatforms) = postSolution
		{E8A3F6FA-AE1C-4C8E-A0B6-9C8480324EAA}.Debug|Any CPU.ActiveCfg = Debug|Win32
		{E8A3F6FA-AE1C-4C8E-A0B6-9C8480324EAA}.Debug|ARM.ActiveCfg = Debug|Win32
		{E8A3F6FA-AE1C-4C8E-A0B6-9C8480324EAA}.Debug|x64.ActiveCfg = Debug|x64
		{E8A3F6FA-AE1C-4C8E-A0B6-9C8480324EAA}.Debug|x64.Build.0 = Debug|x64
		{E8A3F6FA-AE1C-4C8E-A0B6-9C8480324EAA}.Debug|x86.ActiveCfg = Debug|Win32
		{E8A3F6FA-AE1C-4C8E-A0B6-9C8480324EAA}.Debug|x86.Build.0 = Debug|Win32
		{E8A3F6FA-AE1C-4C8E-A0B6-9C8480324EAA}.Debug-Static|Any CPU.ActiveCfg = Debug|x64
		{E8A3F6FA-AE1C-4C8E-A0B6-9C8480324EAA}.Debug-Static|Any CPU.Build.0 = Debug|x64
		{E8A3F6FA-AE1C-4C8E-A0B6-9C8480324EAA}.Debug-Static|ARM.ActiveCfg = Debug|x64
		{E8A3F6FA-AE1C-4C8E-A0B6-9C8480324EAA}.Debug-Static|ARM.Build.0 = Debug|x64
		{E8A3F6FA-AE1C-4C8E-A0B6-9C8480324EAA}.Debug-Static|x64.ActiveCfg = Debug|x64
		{E8A3F6FA-AE1C-4C8E-A0B6-9C8480324EAA}.Debug-Static|x64.Build.0 = Debug|x64
		{E8A3F6FA-AE1C-4C8E-A0B6-9C8480324EAA}.Debug-Static|x86.ActiveCfg = Debug_MBCS|Win32
		{E8A3F6FA-AE1C-4C8E-A0B6-9C8480324EAA}.Debug-Static|x86.Build.0 = Debug_MBCS|Win32
		{E8A3F6FA-AE1C-4C8E-A0B6-9C8480324EAA}.Release|Any CPU.ActiveCfg = Release|Win32
		{E8A3F6FA-AE1C-4C8E-A0B6-9C8480324EAA}.Release|ARM.ActiveCfg = Release|Win32
		{E8A3F6FA-AE1C-4C8E-A0B6-9C8480324EAA}.Release|x64.ActiveCfg = Release|x64
		{E8A3F6FA-AE1C-4C8E-A0B6-9C8480324EAA}.Release|x64.Build.0 = Release|x64
		{E8A3F6FA-AE1C-4C8E-A0B6-9C8480324EAA}.Release|x86.ActiveCfg = Release|Win32
		{E8A3F6FA-AE1C-4C8E-A0B6-9C8480324EAA}.Release|x86.Build.0 = Release|Win32
		{E8A3F6FA-AE1C-4C8E-A0B6-9C8480324EAA}.Release-Static|Any CPU.ActiveCfg = Debug|x64
		{E8A3F6FA-AE1C-4C8E-A0B6-9C8480324EAA}.Release-Static|Any CPU.Build.0 = Debug|x64
		{E8A3F6FA-AE1C-4C8E-A0B6-9C8480324EAA}.Release-Static|ARM.ActiveCfg = Debug|x64
		{E8A3F6FA-AE1C-4C8E-A0B6-9C8480324EAA}.Release-Static|ARM.Build.0 = Debug|x64
		{E8A3F6FA-AE1C-4C8E-A0B6-9C8480324EAA}.Release-Static|x64.ActiveCfg = Release_MBCS|x64
		{E8A3F6FA-AE1C-4C8E-A0B6-9C8480324EAA}.Release-Static|x64.Build.0 = Release_MBCS|x64
		{E8A3F6FA-AE1C-4C8E-A0B6-9C8480324EAA}.Release-Static|x86.ActiveCfg = Release_MBCS|Win32
		{E8A3F6FA-AE1C-4C8E-A0B6-9C8480324EAA}.Release-Static|x86.Build.0 = Release_MBCS|Win32
		{39469123-3EB7-45F3-A15B-3854DFD2C2EB}.Debug|Any CPU.ActiveCfg = Debug|Win32
		{39469123-3EB7-45F3-A15B-3854DFD2C2EB}.Debug|ARM.ActiveCfg = Debug|Win32
		{39469123-3EB7-45F3-A15B-3854DFD2C2EB}.Debug|x64.ActiveCfg = Debug|x64
		{39469123-3EB7-45F3-A15B-3854DFD2C2EB}.Debug|x64.Build.0 = Debug|x64
		{39469123-3EB7-45F3-A15B-3854DFD2C2EB}.Debug|x86.ActiveCfg = Debug|Win32
		{39469123-3EB7-45F3-A15B-3854DFD2C2EB}.Debug|x86.Build.0 = Debug|Win32
		{39469123-3EB7-45F3-A15B-3854DFD2C2EB}.Debug-Static|Any CPU.ActiveCfg = releasex64|Win32
		{39469123-3EB7-45F3-A15B-3854DFD2C2EB}.Debug-Static|Any CPU.Build.0 = releasex64|Win32
		{39469123-3EB7-45F3-A15B-3854DFD2C2EB}.Debug-Static|ARM.ActiveCfg = releasex64|Win32
		{39469123-3EB7-45F3-A15B-3854DFD2C2EB}.Debug-Static|ARM.Build.0 = releasex64|Win32
		{39469123-3EB7-45F3-A15B-3854DFD2C2EB}.Debug-Static|x64.ActiveCfg = Debug|x64
		{39469123-3EB7-45F3-A15B-3854DFD2C2EB}.Debug-Static|x64.Build.0 = Debug|x64
		{39469123-3EB7-45F3-A15B-3854DFD2C2EB}.Debug-Static|x86.ActiveCfg = Debug|Win32
		{39469123-3EB7-45F3-A15B-3854DFD2C2EB}.Debug-Static|x86.Build.0 = Debug|Win32
		{39469123-3EB7-45F3-A15B-3854DFD2C2EB}.Release|Any CPU.ActiveCfg = Release|Win32
		{39469123-3EB7-45F3-A15B-3854DFD2C2EB}.Release|ARM.ActiveCfg = Release|Win32
		{39469123-3EB7-45F3-A15B-3854DFD2C2EB}.Release|x64.ActiveCfg = Release|x64
		{39469123-3EB7-45F3-A15B-3854DFD2C2EB}.Release|x64.Build.0 = Release|x64
		{39469123-3EB7-45F3-A15B-3854DFD2C2EB}.Release|x86.ActiveCfg = Release|Win32
		{39469123-3EB7-45F3-A15B-3854DFD2C2EB}.Release|x86.Build.0 = Release|Win32
		{39469123-3EB7-45F3-A15B-3854DFD2C2EB}.Release-Static|Any CPU.ActiveCfg = releasex64|Win32
		{39469123-3EB7-45F3-A15B-3854DFD2C2EB}.Release-Static|Any CPU.Build.0 = releasex64|Win32
		{39469123-3EB7-45F3-A15B-3854DFD2C2EB}.Release-Static|ARM.ActiveCfg = releasex64|Win32
		{39469123-3EB7-45F3-A15B-3854DFD2C2EB}.Release-Static|ARM.Build.0 = releasex64|Win32
		{39469123-3EB7-45F3-A15B-3854DFD2C2EB}.Release-Static|x64.ActiveCfg = releasex64|x64
		{39469123-3EB7-45F3-A15B-3854DFD2C2EB}.Release-Static|x64.Build.0 = releasex64|x64
		{39469123-3EB7-45F3-A15B-3854DFD2C2EB}.Release-Static|x86.ActiveCfg = releasex64|Win32
		{39469123-3EB7-45F3-A15B-3854DFD2C2EB}.Release-Static|x86.Build.0 = releasex64|Win32
		{51A07B5D-5F16-4B9D-BD85-161B491CEC03}.Debug|Any CPU.ActiveCfg = Debug|Win32
		{51A07B5D-5F16-4B9D-BD85-161B491CEC03}.Debug|ARM.ActiveCfg = Debug|Win32
		{51A07B5D-5F16-4B9D-BD85-161B491CEC03}.Debug|x64.ActiveCfg = Debug|x64
		{51A07B5D-5F16-4B9D-BD85-161B491CEC03}.Debug|x64.Build.0 = Debug|x64
		{51A07B5D-5F16-4B9D-BD85-161B491CEC03}.Debug|x86.ActiveCfg = Debug|Win32
		{51A07B5D-5F16-4B9D-BD85-161B491CEC03}.Debug|x86.Build.0 = Debug|Win32
		{51A07B5D-5F16-4B9D-BD85-161B491CEC03}.Debug-Static|Any CPU.ActiveCfg = Release|x64
		{51A07B5D-5F16-4B9D-BD85-161B491CEC03}.Debug-Static|Any CPU.Build.0 = Release|x64
		{51A07B5D-5F16-4B9D-BD85-161B491CEC03}.Debug-Static|ARM.ActiveCfg = Release|x64
		{51A07B5D-5F16-4B9D-BD85-161B491CEC03}.Debug-Static|ARM.Build.0 = Release|x64
		{51A07B5D-5F16-4B9D-BD85-161B491CEC03}.Debug-Static|x64.ActiveCfg = Debug|x64
		{51A07B5D-5F16-4B9D-BD85-161B491CEC03}.Debug-Static|x64.Build.0 = Debug|x64
		{51A07B5D-5F16-4B9D-BD85-161B491CEC03}.Debug-Static|x86.ActiveCfg = Debug|Win32
		{51A07B5D-5F16-4B9D-BD85-161B491CEC03}.Debug-Static|x86.Build.0 = Debug|Win32
		{51A07B5D-5F16-4B9D-BD85-161B491CEC03}.Release|Any CPU.ActiveCfg = Release|Win32
		{51A07B5D-5F16-4B9D-BD85-161B491CEC03}.Release|ARM.ActiveCfg = Release|Win32
		{51A07B5D-5F16-4B9D-BD85-161B491CEC03}.Release|x64.ActiveCfg = Release|x64
		{51A07B5D-5F16-4B9D-BD85-161B491CEC03}.Release|x64.Build.0 = Release|x64
		{51A07B5D-5F16-4B9D-BD85-161B491CEC03}.Release|x86.ActiveCfg = Release|Win32
		{51A07B5D-5F16-4B9D-BD85-161B491CEC03}.Release|x86.Build.0 = Release|Win32
		{51A07B5D-5F16-4B9D-BD85-161B491CEC03}.Release-Static|Any CPU.ActiveCfg = Release|x64
		{51A07B5D-5F16-4B9D-BD85-161B491CEC03}.Release-Static|Any CPU.Build.0 = Release|x64
		{51A07B5D-5F16-4B9D-BD85-161B491CEC03}.Release-Static|ARM.ActiveCfg = Release|x64
		{51A07B5D-5F16-4B9D-BD85-161B491CEC03}.Release-Static|ARM.Build.0 = Release|x64
		{51A07B5D-5F16-4B9D-BD85-161B491CEC03}.Release-Static|x64.ActiveCfg = Release|x64
		{51A07B5D-5F16-4B9D-BD85-161B491CEC03}.Release-Static|x64.Build.0 = Release|x64
		{51A07B5D-5F16-4B9D-BD85-161B491CEC03}.Release-Static|x86.ActiveCfg = Release|Win32
		{51A07B5D-5F16-4B9D-BD85-161B491CEC03}.Release-Static|x86.Build.0 = Release|Win32
		{A0D1F890-8D03-43A2-A670-B8C9ACFF94AE}.Debug|Any CPU.ActiveCfg = Debug|Win32
		{A0D1F890-8D03-43A2-A670-B8C9ACFF94AE}.Debug|ARM.ActiveCfg = Debug|Win32
		{A0D1F890-8D03-43A2-A670-B8C9ACFF94AE}.Debug|x64.ActiveCfg = Debug|x64
		{A0D1F890-8D03-43A2-A670-B8C9ACFF94AE}.Debug|x64.Build.0 = Debug|x64
		{A0D1F890-8D03-43A2-A670-B8C9ACFF94AE}.Debug|x86.ActiveCfg = Debug|Win32
		{A0D1F890-8D03-43A2-A670-B8C9ACFF94AE}.Debug|x86.Build.0 = Debug|Win32
		{A0D1F890-8D03-43A2-A670-B8C9ACFF94AE}.Debug-Static|Any CPU.ActiveCfg = Release|x64
		{A0D1F890-8D03-43A2-A670-B8C9ACFF94AE}.Debug-Static|Any CPU.Build.0 = Release|x64
		{A0D1F890-8D03-43A2-A670-B8C9ACFF94AE}.Debug-Static|ARM.ActiveCfg = Release|x64
		{A0D1F890-8D03-43A2-A670-B8C9ACFF94AE}.Debug-Static|ARM.Build.0 = Release|x64
		{A0D1F890-8D03-43A2-A670-B8C9ACFF94AE}.Debug-Static|x64.ActiveCfg = Debug|x64
		{A0D1F890-8D03-43A2-A670-B8C9ACFF94AE}.Debug-Static|x64.Build.0 = Debug|x64
		{A0D1F890-8D03-43A2-A670-B8C9ACFF94AE}.Debug-Static|x86.ActiveCfg = Debug|Win32
		{A0D1F890-8D03-43A2-A670-B8C9ACFF94AE}.Debug-Static|x86.Build.0 = Debug|Win32
		{A0D1F890-8D03-43A2-A670-B8C9ACFF94AE}.Release|Any CPU.ActiveCfg = Release|Win32
		{A0D1F890-8D03-43A2-A670-B8C9ACFF94AE}.Release|ARM.ActiveCfg = Release|Win32
		{A0D1F890-8D03-43A2-A670-B8C9ACFF94AE}.Release|x64.ActiveCfg = Release|x64
		{A0D1F890-8D03-43A2-A670-B8C9ACFF94AE}.Release|x64.Build.0 = Release|x64
		{A0D1F890-8D03-43A2-A670-B8C9ACFF94AE}.Release|x86.ActiveCfg = Release|Win32
		{A0D1F890-8D03-43A2-A670-B8C9ACFF94AE}.Release|x86.Build.0 = Release|Win32
		{A0D1F890-8D03-43A2-A670-B8C9ACFF94AE}.Release-Static|Any CPU.ActiveCfg = Release|x64
		{A0D1F890-8D03-43A2-A670-B8C9ACFF94AE}.Release-Static|Any CPU.Build.0 = Release|x64
		{A0D1F890-8D03-43A2-A670-B8C9ACFF94AE}.Release-Static|ARM.ActiveCfg = Release|x64
		{A0D1F890-8D03-43A2-A670-B8C9ACFF94AE}.Release-Static|ARM.Build.0 = Release|x64
		{A0D1F890-8D03-43A2-A670-B8C9ACFF94AE}.Release-Static|x64.ActiveCfg = Release|x64
		{A0D1F890-8D03-43A2-A670-B8C9ACFF94AE}.Release-Static|x64.Build.0 = Release|x64
		{A0D1F890-8D03-43A2-A670-B8C9ACFF94AE}.Release-Static|x86.ActiveCfg = Release|Win32
		{A0D1F890-8D03-43A2-A670-B8C9ACFF94AE}.Release-Static|x86.Build.0 = Release|Win32
		{06DBBB88-F214-49FC-8D58-65E0B071D213}.Debug|Any CPU.ActiveCfg = Debug|Win32
		{06DBBB88-F214-49FC-8D58-65E0B071D213}.Debug|ARM.ActiveCfg = Debug|Win32
		{06DBBB88-F214-49FC-8D58-65E0B071D213}.Debug|x64.ActiveCfg = Debug|x64
		{06DBBB88-F214-49FC-8D58-65E0B071D213}.Debug|x64.Build.0 = Debug|x64
		{06DBBB88-F214-49FC-8D58-65E0B071D213}.Debug|x86.ActiveCfg = Debug|Win32
		{06DBBB88-F214-49FC-8D58-65E0B071D213}.Debug|x86.Build.0 = Debug|Win32
		{06DBBB88-F214-49FC-8D58-65E0B071D213}.Debug-Static|Any CPU.ActiveCfg = Release|x64
		{06DBBB88-F214-49FC-8D58-65E0B071D213}.Debug-Static|Any CPU.Build.0 = Release|x64
		{06DBBB88-F214-49FC-8D58-65E0B071D213}.Debug-Static|ARM.ActiveCfg = Release|x64
		{06DBBB88-F214-49FC-8D58-65E0B071D213}.Debug-Static|ARM.Build.0 = Release|x64
		{06DBBB88-F214-49FC-8D58-65E0B071D213}.Debug-Static|x64.ActiveCfg = Debug|x64
		{06DBBB88-F214-49FC-8D58-65E0B071D213}.Debug-Static|x64.Build.0 = Debug|x64
		{06DBBB88-F214-49FC-8D58-65E0B071D213}.Debug-Static|x86.ActiveCfg = Debug|Win32
		{06DBBB88-F214-49FC-8D58-65E0B071D213}.Debug-Static|x86.Build.0 = Debug|Win32
		{06DBBB88-F214-49FC-8D58-65E0B071D213}.Release|Any CPU.ActiveCfg = Release|Win32
		{06DBBB88-F214-49FC-8D58-65E0B071D213}.Release|ARM.ActiveCfg = Release|Win32
		{06DBBB88-F214-49FC-8D58-65E0B071D213}.Release|x64.ActiveCfg = Release|x64
		{06DBBB88-F214-49FC-8D58-65E0B071D213}.Release|x64.Build.0 = Release|x64
		{06DBBB88-F214-49FC-8D58-65E0B071D213}.Release|x86.ActiveCfg = Release|Win32
		{06DBBB88-F214-49FC-8D58-65E0B071D213}.Release|x86.Build.0 = Release|Win32
		{06DBBB88-F214-49FC-8D58-65E0B071D213}.Release-Static|Any CPU.ActiveCfg = Release|x64
		{06DBBB88-F214-49FC-8D58-65E0B071D213}.Release-Static|Any CPU.Build.0 = Release|x64
		{06DBBB88-F214-49FC-8D58-65E0B071D213}.Release-Static|ARM.ActiveCfg = Release|x64
		{06DBBB88-F214-49FC-8D58-65E0B071D213}.Release-Static|ARM.Build.0 = Release|x64
		{06DBBB88-F214-49FC-8D58-65E0B071D213}.Release-Static|x64.ActiveCfg = Release|x64
		{06DBBB88-F214-49FC-8D58-65E0B071D213}.Release-Static|x64.Build.0 = Release|x64
		{06DBBB88-F214-49FC-8D58-65E0B071D213}.Release-Static|x86.ActiveCfg = Release|Win32
		{06DBBB88-F214-49FC-8D58-65E0B071D213}.Release-Static|x86.Build.0 = Release|Win32
		{71FDAA49-1687-41BA-81A3-4719FFA257B2}.Debug|Any CPU.ActiveCfg = Debug|Win32
		{71FDAA49-1687-41BA-81A3-4719FFA257B2}.Debug|ARM.ActiveCfg = Debug|Win32
		{71FDAA49-1687-41BA-81A3-4719FFA257B2}.Debug|x64.ActiveCfg = Debug|x64
		{71FDAA49-1687-41BA-81A3-4719FFA257B2}.Debug|x64.Build.0 = Debug|x64
		{71FDAA49-1687-41BA-81A3-4719FFA257B2}.Debug|x86.ActiveCfg = Debug|Win32
		{71FDAA49-1687-41BA-81A3-4719FFA257B2}.Debug|x86.Build.0 = Debug|Win32
		{71FDAA49-1687-41BA-81A3-4719FFA257B2}.Debug-Static|Any CPU.ActiveCfg = Release|x64
		{71FDAA49-1687-41BA-81A3-4719FFA257B2}.Debug-Static|Any CPU.Build.0 = Release|x64
		{71FDAA49-1687-41BA-81A3-4719FFA257B2}.Debug-Static|ARM.ActiveCfg = Release|x64
		{71FDAA49-1687-41BA-81A3-4719FFA257B2}.Debug-Static|ARM.Build.0 = Release|x64
		{71FDAA49-1687-41BA-81A3-4719FFA257B2}.Debug-Static|x64.ActiveCfg = Debug|x64
		{71FDAA49-1687-41BA-81A3-4719FFA257B2}.Debug-Static|x64.Build.0 = Debug|x64
		{71FDAA49-1687-41BA-81A3-4719FFA257B2}.Debug-Static|x86.ActiveCfg = Debug|Win32
		{71FDAA49-1687-41BA-81A3-4719FFA257B2}.Debug-Static|x86.Build.0 = Debug|Win32
		{71FDAA49-1687-41BA-81A3-4719FFA257B2}.Release|Any CPU.ActiveCfg = Release|Win32
		{71FDAA49-1687-41BA-81A3-4719FFA257B2}.Release|ARM.ActiveCfg = Release|Win32
		{71FDAA49-1687-41BA-81A3-4719FFA257B2}.Release|x64.ActiveCfg = Release|x64
		{71FDAA49-1687-41BA-81A3-4719FFA257B2}.Release|x64.Build.0 = Release|x64
		{71FDAA49-1687-41BA-81A3-4719FFA257B2}.Release|x86.ActiveCfg = Release|Win32
		{71FDAA49-1687-41BA-81A3-4719FFA257B2}.Release|x86.Build.0 = Release|Win32
		{71FDAA49-1687-41BA-81A3-4719FFA257B2}.Release-Static|Any CPU.ActiveCfg = Release|x64
		{71FDAA49-1687-41BA-81A3-4719FFA257B2}.Release-Static|Any CPU.Build.0 = Release|x64
		{71FDAA49-1687-41BA-81A3-4719FFA257B2}.Release-Static|ARM.ActiveCfg = Release|x64
		{71FDAA49-1687-41BA-81A3-4719FFA257B2}.Release-Static|ARM.Build.0 = Release|x64
		{71FDAA49-1687-41BA-81A3-4719FFA257B2}.Release-Static|x64.ActiveCfg = Release|x64
		{71FDAA49-1687-41BA-81A3-4719FFA257B2}.Release-Static|x64.Build.0 = Release|x64
		{71FDAA49-1687-41BA-81A3-4719FFA257B2}.Release-Static|x86.ActiveCfg = Release|Win32
		{71FDAA49-1687-41BA-81A3-4719FFA257B2}.Release-Static|x86.Build.0 = Release|Win32
		{BF4003F1-C313-42E0-A820-ABE031F1254C}.Debug|Any CPU.ActiveCfg = Debug|Win32
		{BF4003F1-C313-42E0-A820-ABE031F1254C}.Debug|ARM.ActiveCfg = Debug|Win32
		{BF4003F1-C313-42E0-A820-ABE031F1254C}.Debug|x64.ActiveCfg = Debug|x64
		{BF4003F1-C313-42E0-A820-ABE031F1254C}.Debug|x64.Build.0 = Debug|x64
		{BF4003F1-C313-42E0-A820-ABE031F1254C}.Debug|x86.ActiveCfg = Debug|Win32
		{BF4003F1-C313-42E0-A820-ABE031F1254C}.Debug|x86.Build.0 = Debug|Win32
		{BF4003F1-C313-42E0-A820-ABE031F1254C}.Debug-Static|Any CPU.ActiveCfg = Debug-Static|Win32
		{BF4003F1-C313-42E0-A820-ABE031F1254C}.Debug-Static|ARM.ActiveCfg = Debug-Static|Win32
		{BF4003F1-C313-42E0-A820-ABE031F1254C}.Debug-Static|x64.ActiveCfg = Debug-Static|x64
		{BF4003F1-C313-42E0-A820-ABE031F1254C}.Debug-Static|x64.Build.0 = Debug-Static|x64
		{BF4003F1-C313-42E0-A820-ABE031F1254C}.Debug-Static|x86.ActiveCfg = Debug-Static|Win32
		{BF4003F1-C313-42E0-A820-ABE031F1254C}.Debug-Static|x86.Build.0 = Debug-Static|Win32
		{BF4003F1-C313-42E0-A820-ABE031F1254C}.Release|Any CPU.ActiveCfg = Release|Win32
		{BF4003F1-C313-42E0-A820-ABE031F1254C}.Release|ARM.ActiveCfg = Release|Win32
		{BF4003F1-C313-42E0-A820-ABE031F1254C}.Release|x64.ActiveCfg = Release|x64
		{BF4003F1-C313-42E0-A820-ABE031F1254C}.Release|x64.Build.0 = Release|x64
		{BF4003F1-C313-42E0-A820-ABE031F1254C}.Release|x86.ActiveCfg = Release|Win32
		{BF4003F1-C313-42E0-A820-ABE031F1254C}.Release|x86.Build.0 = Release|Win32
		{BF4003F1-C313-42E0-A820-ABE031F1254C}.Release-Static|Any CPU.ActiveCfg = Release-Static|Win32
		{BF4003F1-C313-42E0-A820-ABE031F1254C}.Release-Static|ARM.ActiveCfg = Release-Static|Win32
		{BF4003F1-C313-42E0-A820-ABE031F1254C}.Release-Static|x64.ActiveCfg = Release-Static|x64
		{BF4003F1-C313-42E0-A820-ABE031F1254C}.Release-Static|x64.Build.0 = Release-Static|x64
		{BF4003F1-C313-42E0-A820-ABE031F1254C}.Release-Static|x86.ActiveCfg = Release-Static|Win32
		{BF4003F1-C313-42E0-A820-ABE031F1254C}.Release-Static|x86.Build.0 = Release-Static|Win32
		{10BF8F8F-8B14-485C-89F7-8100D72D5CBB}.Debug|Any CPU.ActiveCfg = Debug|Win32
		{10BF8F8F-8B14-485C-89F7-8100D72D5CBB}.Debug|ARM.ActiveCfg = Debug|Win32
		{10BF8F8F-8B14-485C-89F7-8100D72D5CBB}.Debug|x64.ActiveCfg = Debug|x64
		{10BF8F8F-8B14-485C-89F7-8100D72D5CBB}.Debug|x64.Build.0 = Debug|x64
		{10BF8F8F-8B14-485C-89F7-8100D72D5CBB}.Debug|x86.ActiveCfg = Debug|Win32
		{10BF8F8F-8B14-485C-89F7-8100D72D5CBB}.Debug|x86.Build.0 = Debug|Win32
		{10BF8F8F-8B14-485C-89F7-8100D72D5CBB}.Debug-Static|Any CPU.ActiveCfg = Release|x64
		{10BF8F8F-8B14-485C-89F7-8100D72D5CBB}.Debug-Static|Any CPU.Build.0 = Release|x64
		{10BF8F8F-8B14-485C-89F7-8100D72D5CBB}.Debug-Static|ARM.ActiveCfg = Release|x64
		{10BF8F8F-8B14-485C-89F7-8100D72D5CBB}.Debug-Static|ARM.Build.0 = Release|x64
		{10BF8F8F-8B14-485C-89F7-8100D72D5CBB}.Debug-Static|x64.ActiveCfg = Debug|x64
		{10BF8F8F-8B14-485C-89F7-8100D72D5CBB}.Debug-Static|x64.Build.0 = Debug|x64
		{10BF8F8F-8B14-485C-89F7-8100D72D5CBB}.Debug-Static|x86.ActiveCfg = Debug|Win32
		{10BF8F8F-8B14-485C-89F7-8100D72D5CBB}.Debug-Static|x86.Build.0 = Debug|Win32
		{10BF8F8F-8B14-485C-89F7-8100D72D5CBB}.Release|Any CPU.ActiveCfg = Release|Win32
		{10BF8F8F-8B14-485C-89F7-8100D72D5CBB}.Release|ARM.ActiveCfg = Release|Win32
		{10BF8F8F-8B14-485C-89F7-8100D72D5CBB}.Release|x64.ActiveCfg = Release|x64
		{10BF8F8F-8B14-485C-89F7-8100D72D5CBB}.Release|x64.Build.0 = Release|x64
		{10BF8F8F-8B14-485C-89F7-8100D72D5CBB}.Release|x86.ActiveCfg = Release|Win32
		{10BF8F8F-8B14-485C-89F7-8100D72D5CBB}.Release|x86.Build.0 = Release|Win32
		{10BF8F8F-8B14-485C-89F7-8100D72D5CBB}.Release-Static|Any CPU.ActiveCfg = Release|x64
		{10BF8F8F-8B14-485C-89F7-8100D72D5CBB}.Release-Static|Any CPU.Build.0 = Release|x64
		{10BF8F8F-8B14-485C-89F7-8100D72D5CBB}.Release-Static|ARM.ActiveCfg = Release|x64
		{10BF8F8F-8B14-485C-89F7-8100D72D5CBB}.Release-Static|ARM.Build.0 = Release|x64
		{10BF8F8F-8B14-485C-89F7-8100D72D5CBB}.Release-Static|x64.ActiveCfg = Release|x64
		{10BF8F8F-8B14-485C-89F7-8100D72D5CBB}.Release-Static|x64.Build.0 = Release|x64
		{10BF8F8F-8B14-485C-89F7-8100D72D5CBB}.Release-Static|x86.ActiveCfg = Release|Win32
		{10BF8F8F-8B14-485C-89F7-8100D72D5CBB}.Release-Static|x86.Build.0 = Release|Win32
		{8DCF78B5-E5F5-41A2-907F-F8276F2B8619}.Debug|Any CPU.ActiveCfg = Debug|Win32
		{8DCF78B5-E5F5-41A2-907F-F8276F2B8619}.Debug|ARM.ActiveCfg = Debug|Win32
		{8DCF78B5-E5F5-41A2-907F-F8276F2B8619}.Debug|x64.ActiveCfg = Debug|x64
		{8DCF78B5-E5F5-41A2-907F-F8276F2B8619}.Debug|x64.Build.0 = Debug|x64
		{8DCF78B5-E5F5-41A2-907F-F8276F2B8619}.Debug|x86.ActiveCfg = Debug|Win32
		{8DCF78B5-E5F5-41A2-907F-F8276F2B8619}.Debug|x86.Build.0 = Debug|Win32
		{8DCF78B5-E5F5-41A2-907F-F8276F2B8619}.Debug-Static|Any CPU.ActiveCfg = Release|x64
		{8DCF78B5-E5F5-41A2-907F-F8276F2B8619}.Debug-Static|Any CPU.Build.0 = Release|x64
		{8DCF78B5-E5F5-41A2-907F-F8276F2B8619}.Debug-Static|ARM.ActiveCfg = Release|x64
		{8DCF78B5-E5F5-41A2-907F-F8276F2B8619}.Debug-Static|ARM.Build.0 = Release|x64
		{8DCF78B5-E5F5-41A2-907F-F8276F2B8619}.Debug-Static|x64.ActiveCfg = Debug|x64
		{8DCF78B5-E5F5-41A2-907F-F8276F2B8619}.Debug-Static|x64.Build.0 = Debug|x64
		{8DCF78B5-E5F5-41A2-907F-F8276F2B8619}.Debug-Static|x86.ActiveCfg = Debug|Win32
		{8DCF78B5-E5F5-41A2-907F-F8276F2B8619}.Debug-Static|x86.Build.0 = Debug|Win32
		{8DCF78B5-E5F5-41A2-907F-F8276F2B8619}.Release|Any CPU.ActiveCfg = Release|Win32
		{8DCF78B5-E5F5-41A2-907F-F8276F2B8619}.Release|ARM.ActiveCfg = Release|Win32
		{8DCF78B5-E5F5-41A2-907F-F8276F2B8619}.Release|x64.ActiveCfg = Release|x64
		{8DCF78B5-E5F5-41A2-907F-F8276F2B8619}.Release|x64.Build.0 = Release|x64
		{8DCF78B5-E5F5-41A2-907F-F8276F2B8619}.Release|x86.ActiveCfg = Release|Win32
		{8DCF78B5-E5F5-41A2-907F-F8276F2B8619}.Release|x86.Build.0 = Release|Win32
		{8DCF78B5-E5F5-41A2-907F-F8276F2B8619}.Release-Static|Any CPU.ActiveCfg = Release|x64
		{8DCF78B5-E5F5-41A2-907F-F8276F2B8619}.Release-Static|Any CPU.Build.0 = Release|x64
		{8DCF78B5-E5F5-41A2-907F-F8276F2B8619}.Release-Static|ARM.ActiveCfg = Release|x64
		{8DCF78B5-E5F5-41A2-907F-F8276F2B8619}.Release-Static|ARM.Build.0 = Release|x64
		{8DCF78B5-E5F5-41A2-907F-F8276F2B8619}.Release-Static|x64.ActiveCfg = Release|x64
		{8DCF78B5-E5F5-41A2-907F-F8276F2B8619}.Release-Static|x64.Build.0 = Release|x64
		{8DCF78B5-E5F5-41A2-907F-F8276F2B8619}.Release-Static|x86.ActiveCfg = Release|Win32
		{8DCF78B5-E5F5-41A2-907F-F8276F2B8619}.Release-Static|x86.Build.0 = Release|Win32
		{069F262C-A591-4542-825E-A2A124F023E7}.Debug|Any CPU.ActiveCfg = Debug|Win32
		{069F262C-A591-4542-825E-A2A124F023E7}.Debug|ARM.ActiveCfg = Debug|Win32
		{069F262C-A591-4542-825E-A2A124F023E7}.Debug|x64.ActiveCfg = Debug|x64
		{069F262C-A591-4542-825E-A2A124F023E7}.Debug|x64.Build.0 = Debug|x64
		{069F262C-A591-4542-825E-A2A124F023E7}.Debug|x86.ActiveCfg = Debug|Win32
		{069F262C-A591-4542-825E-A2A124F023E7}.Debug|x86.Build.0 = Debug|Win32
		{069F262C-A591-4542-825E-A2A124F023E7}.Debug-Static|Any CPU.ActiveCfg = Release|x64
		{069F262C-A591-4542-825E-A2A124F023E7}.Debug-Static|Any CPU.Build.0 = Release|x64
		{069F262C-A591-4542-825E-A2A124F023E7}.Debug-Static|ARM.ActiveCfg = Release|x64
		{069F262C-A591-4542-825E-A2A124F023E7}.Debug-Static|ARM.Build.0 = Release|x64
		{069F262C-A591-4542-825E-A2A124F023E7}.Debug-Static|x64.ActiveCfg = Debug|x64
		{069F262C-A591-4542-825E-A2A124F023E7}.Debug-Static|x64.Build.0 = Debug|x64
		{069F262C-A591-4542-825E-A2A124F023E7}.Debug-Static|x86.ActiveCfg = Debug|Win32
		{069F262C-A591-4542-825E-A2A124F023E7}.Debug-Static|x86.Build.0 = Debug|Win32
		{069F262C-A591-4542-825E-A2A124F023E7}.Release|Any CPU.ActiveCfg = Release|Win32
		{069F262C-A591-4542-825E-A2A124F023E7}.Release|ARM.ActiveCfg = Release|Win32
		{069F262C-A591-4542-825E-A2A124F023E7}.Release|x64.ActiveCfg = Release|x64
		{069F262C-A591-4542-825E-A2A124F023E7}.Release|x64.Build.0 = Release|x64
		{069F262C-A591-4542-825E-A2A124F023E7}.Release|x86.ActiveCfg = Release|Win32
		{069F262C-A591-4542-825E-A2A124F023E7}.Release|x86.Build.0 = Release|Win32
		{069F262C-A591-4542-825E-A2A124F023E7}.Release-Static|Any CPU.ActiveCfg = Release|x64
		{069F262C-A591-4542-825E-A2A124F023E7}.Release-Static|Any CPU.Build.0 = Release|x64
		{069F262C-A591-4542-825E-A2A124F023E7}.Release-Static|ARM.ActiveCfg = Release|x64
		{069F262C-A591-4542-825E-A2A124F023E7}.Release-Static|ARM.Build.0 = Release|x64
		{069F262C-A591-4542-825E-A2A124F023E7}.Release-Static|x64.ActiveCfg = Release|x64
		{069F262C-A591-4542-825E-A2A124F023E7}.Release-Static|x64.Build.0 = Release|x64
		{069F262C-A591-4542-825E-A2A124F023E7}.Release-Static|x86.ActiveCfg = Release|Win32
		{069F262C-A591-4542-825E-A2A124F023E7}.Release-Static|x86.Build.0 = Release|Win32
	EndGlobalSection
	GlobalSection(SolutionProperties) = preSolution
		HideSolutionNode = FALSE
	EndGlobalSection
EndGlobal
