
Microsoft Visual Studio Solution File, Format Version 12.00
# Visual Studio 14
VisualStudioVersion = 14.0.25420.1
MinimumVisualStudioVersion = 10.0.40219.1
Project("{8BC9CEB8-8B4A-11D0-8D11-00A0C91BC942}") = "BaseClasses", "third_party\win7-directshow-samples\baseclasses\baseclasses.vcxproj", "{E8A3F6FA-AE1C-4C8E-A0B6-9C8480324EAA}"
EndProject
Project("{8BC9CEB8-8B4A-11D0-8D11-00A0C91BC942}") = "BeboCapture", "bebo-capture-svc\BeboCapture.vcxproj", "{39469123-3EB7-45F3-A15B-3854DFD2C2EB}"
	ProjectSection(ProjectDependencies) = postProject
		{E8A3F6FA-AE1C-4C8E-A0B6-9C8480324EAA} = {E8A3F6FA-AE1C-4C8E-A0B6-9C8480324EAA}
	EndProjectSection
EndProject
Project("{8BC9CEB8-8B4A-11D0-8D11-00A0C91BC942}") = "get-graphics-offsets", "get-graphics-offsets\get-graphics-offsets.vcxproj", "{51A07B5D-5F16-4B9D-BD85-161B491CEC03}"
EndProject
Project("{8BC9CEB8-8B4A-11D0-8D11-00A0C91BC942}") = "inject-helper", "inject-helper\inject-helper.vcxproj", "{A0D1F890-8D03-43A2-A670-B8C9ACFF94AE}"
	ProjectSection(ProjectDependencies) = postProject
		{C9F63BE7-40CD-4632-8810-2258E2D47821} = {C9F63BE7-40CD-4632-8810-2258E2D47821}
	EndProjectSection
EndProject
Project("{8BC9CEB8-8B4A-11D0-8D11-00A0C91BC942}") = "util", "util\util.vcxproj", "{C9F63BE7-40CD-4632-8810-2258E2D47821}"
EndProject
Project("{8BC9CEB8-8B4A-11D0-8D11-00A0C91BC942}") = "graphics-hook", "graphics-hook\graphics-hook.vcxproj", "{06DBBB88-F214-49FC-8D58-65E0B071D213}"
	ProjectSection(ProjectDependencies) = postProject
		{C9F63BE7-40CD-4632-8810-2258E2D47821} = {C9F63BE7-40CD-4632-8810-2258E2D47821}
	EndProjectSection
EndProject
Global
	GlobalSection(SolutionConfigurationPlatforms) = preSolution
		Debug|Any CPU = Debug|Any CPU
		Debug|ARM = Debug|ARM
		Debug|x64 = Debug|x64
		Debug|x86 = Debug|x86
		Release|Any CPU = Release|Any CPU
		Release|ARM = Release|ARM
		Release|x64 = Release|x64
		Release|x86 = Release|x86
	EndGlobalSection
	GlobalSection(ProjectConfigurationPlatforms) = postSolution
		{E8A3F6FA-AE1C-4C8E-A0B6-9C8480324EAA}.Debug|Any CPU.ActiveCfg = Debug|Win32
		{E8A3F6FA-AE1C-4C8E-A0B6-9C8480324EAA}.Debug|ARM.ActiveCfg = Debug|Win32
		{E8A3F6FA-AE1C-4C8E-A0B6-9C8480324EAA}.Debug|x64.ActiveCfg = Release|Win32
		{E8A3F6FA-AE1C-4C8E-A0B6-9C8480324EAA}.Debug|x64.Build.0 = Release|Win32
		{E8A3F6FA-AE1C-4C8E-A0B6-9C8480324EAA}.Debug|x86.ActiveCfg = Debug|Win32
		{E8A3F6FA-AE1C-4C8E-A0B6-9C8480324EAA}.Debug|x86.Build.0 = Debug|Win32
		{E8A3F6FA-AE1C-4C8E-A0B6-9C8480324EAA}.Release|Any CPU.ActiveCfg = Release|Win32
		{E8A3F6FA-AE1C-4C8E-A0B6-9C8480324EAA}.Release|ARM.ActiveCfg = Release|Win32
		{E8A3F6FA-AE1C-4C8E-A0B6-9C8480324EAA}.Release|x64.ActiveCfg = Release|x64
		{E8A3F6FA-AE1C-4C8E-A0B6-9C8480324EAA}.Release|x64.Build.0 = Release|x64
		{E8A3F6FA-AE1C-4C8E-A0B6-9C8480324EAA}.Release|x86.ActiveCfg = Release|Win32
		{E8A3F6FA-AE1C-4C8E-A0B6-9C8480324EAA}.Release|x86.Build.0 = Release|Win32
		{39469123-3EB7-45F3-A15B-3854DFD2C2EB}.Debug|Any CPU.ActiveCfg = Debug|Win32
		{39469123-3EB7-45F3-A15B-3854DFD2C2EB}.Debug|ARM.ActiveCfg = Debug|Win32
		{39469123-3EB7-45F3-A15B-3854DFD2C2EB}.Debug|x64.ActiveCfg = Release|Win32
		{39469123-3EB7-45F3-A15B-3854DFD2C2EB}.Debug|x64.Build.0 = Release|Win32
		{39469123-3EB7-45F3-A15B-3854DFD2C2EB}.Debug|x86.ActiveCfg = Debug|Win32
		{39469123-3EB7-45F3-A15B-3854DFD2C2EB}.Debug|x86.Build.0 = Debug|Win32
		{39469123-3EB7-45F3-A15B-3854DFD2C2EB}.Release|Any CPU.ActiveCfg = Release|Win32
		{39469123-3EB7-45F3-A15B-3854DFD2C2EB}.Release|ARM.ActiveCfg = Release|Win32
		{39469123-3EB7-45F3-A15B-3854DFD2C2EB}.Release|x64.ActiveCfg = Release|x64
		{39469123-3EB7-45F3-A15B-3854DFD2C2EB}.Release|x64.Build.0 = Release|x64
		{39469123-3EB7-45F3-A15B-3854DFD2C2EB}.Release|x86.ActiveCfg = Release|Win32
		{39469123-3EB7-45F3-A15B-3854DFD2C2EB}.Release|x86.Build.0 = Release|Win32
		{51A07B5D-5F16-4B9D-BD85-161B491CEC03}.Debug|Any CPU.ActiveCfg = Debug|Win32
		{51A07B5D-5F16-4B9D-BD85-161B491CEC03}.Debug|ARM.ActiveCfg = Debug|Win32
		{51A07B5D-5F16-4B9D-BD85-161B491CEC03}.Debug|x64.ActiveCfg = Debug|x64
		{51A07B5D-5F16-4B9D-BD85-161B491CEC03}.Debug|x64.Build.0 = Debug|x64
		{51A07B5D-5F16-4B9D-BD85-161B491CEC03}.Debug|x86.ActiveCfg = Debug|Win32
		{51A07B5D-5F16-4B9D-BD85-161B491CEC03}.Debug|x86.Build.0 = Debug|Win32
		{51A07B5D-5F16-4B9D-BD85-161B491CEC03}.Release|Any CPU.ActiveCfg = Release|Win32
		{51A07B5D-5F16-4B9D-BD85-161B491CEC03}.Release|ARM.ActiveCfg = Release|Win32
		{51A07B5D-5F16-4B9D-BD85-161B491CEC03}.Release|x64.ActiveCfg = Release|x64
		{51A07B5D-5F16-4B9D-BD85-161B491CEC03}.Release|x64.Build.0 = Release|x64
		{51A07B5D-5F16-4B9D-BD85-161B491CEC03}.Release|x86.ActiveCfg = Release|Win32
		{51A07B5D-5F16-4B9D-BD85-161B491CEC03}.Release|x86.Build.0 = Release|Win32
		{A0D1F890-8D03-43A2-A670-B8C9ACFF94AE}.Debug|Any CPU.ActiveCfg = Debug|Win32
		{A0D1F890-8D03-43A2-A670-B8C9ACFF94AE}.Debug|ARM.ActiveCfg = Debug|Win32
		{A0D1F890-8D03-43A2-A670-B8C9ACFF94AE}.Debug|x64.ActiveCfg = Debug|x64
		{A0D1F890-8D03-43A2-A670-B8C9ACFF94AE}.Debug|x64.Build.0 = Debug|x64
		{A0D1F890-8D03-43A2-A670-B8C9ACFF94AE}.Debug|x86.ActiveCfg = Debug|Win32
		{A0D1F890-8D03-43A2-A670-B8C9ACFF94AE}.Debug|x86.Build.0 = Debug|Win32
		{A0D1F890-8D03-43A2-A670-B8C9ACFF94AE}.Release|Any CPU.ActiveCfg = Release|Win32
		{A0D1F890-8D03-43A2-A670-B8C9ACFF94AE}.Release|ARM.ActiveCfg = Release|Win32
		{A0D1F890-8D03-43A2-A670-B8C9ACFF94AE}.Release|x64.ActiveCfg = Release|x64
		{A0D1F890-8D03-43A2-A670-B8C9ACFF94AE}.Release|x64.Build.0 = Release|x64
		{A0D1F890-8D03-43A2-A670-B8C9ACFF94AE}.Release|x86.ActiveCfg = Release|Win32
		{A0D1F890-8D03-43A2-A670-B8C9ACFF94AE}.Release|x86.Build.0 = Release|Win32
		{C9F63BE7-40CD-4632-8810-2258E2D47821}.Debug|Any CPU.ActiveCfg = Debug|Win32
		{C9F63BE7-40CD-4632-8810-2258E2D47821}.Debug|ARM.ActiveCfg = Debug|Win32
		{C9F63BE7-40CD-4632-8810-2258E2D47821}.Debug|x64.ActiveCfg = Debug|x64
		{C9F63BE7-40CD-4632-8810-2258E2D47821}.Debug|x64.Build.0 = Debug|x64
		{C9F63BE7-40CD-4632-8810-2258E2D47821}.Debug|x86.ActiveCfg = Debug|Win32
		{C9F63BE7-40CD-4632-8810-2258E2D47821}.Debug|x86.Build.0 = Debug|Win32
		{C9F63BE7-40CD-4632-8810-2258E2D47821}.Release|Any CPU.ActiveCfg = Release|Win32
		{C9F63BE7-40CD-4632-8810-2258E2D47821}.Release|ARM.ActiveCfg = Release|Win32
		{C9F63BE7-40CD-4632-8810-2258E2D47821}.Release|x64.ActiveCfg = Release|x64
		{C9F63BE7-40CD-4632-8810-2258E2D47821}.Release|x64.Build.0 = Release|x64
		{C9F63BE7-40CD-4632-8810-2258E2D47821}.Release|x86.ActiveCfg = Release|Win32
		{C9F63BE7-40CD-4632-8810-2258E2D47821}.Release|x86.Build.0 = Release|Win32
		{06DBBB88-F214-49FC-8D58-65E0B071D213}.Debug|Any CPU.ActiveCfg = Debug|Win32
		{06DBBB88-F214-49FC-8D58-65E0B071D213}.Debug|ARM.ActiveCfg = Debug|Win32
		{06DBBB88-F214-49FC-8D58-65E0B071D213}.Debug|x64.ActiveCfg = Debug|x64
		{06DBBB88-F214-49FC-8D58-65E0B071D213}.Debug|x64.Build.0 = Debug|x64
		{06DBBB88-F214-49FC-8D58-65E0B071D213}.Debug|x86.ActiveCfg = Debug|Win32
		{06DBBB88-F214-49FC-8D58-65E0B071D213}.Debug|x86.Build.0 = Debug|Win32
		{06DBBB88-F214-49FC-8D58-65E0B071D213}.Release|Any CPU.ActiveCfg = Release|Win32
		{06DBBB88-F214-49FC-8D58-65E0B071D213}.Release|ARM.ActiveCfg = Release|Win32
		{06DBBB88-F214-49FC-8D58-65E0B071D213}.Release|x64.ActiveCfg = Release|x64
		{06DBBB88-F214-49FC-8D58-65E0B071D213}.Release|x64.Build.0 = Release|x64
		{06DBBB88-F214-49FC-8D58-65E0B071D213}.Release|x86.ActiveCfg = Release|Win32
		{06DBBB88-F214-49FC-8D58-65E0B071D213}.Release|x86.Build.0 = Release|Win32
	EndGlobalSection
	GlobalSection(SolutionProperties) = preSolution
		HideSolutionNode = FALSE
	EndGlobalSection
EndGlobal
