<?xml version="1.0" encoding="utf-8"?>
<Project ToolsVersion="4.0" xmlns="http://schemas.microsoft.com/developer/msbuild/2003">
  <ItemGroup>
    <Filter Include="Source Files">
      <UniqueIdentifier>{4FC737F1-C7A5-4376-A066-2A32D752A2FF}</UniqueIdentifier>
      <Extensions>cpp;c;cc;cxx;def;odl;idl;hpj;bat;asm;asmx</Extensions>
    </Filter>
    <Filter Include="Header Files">
      <UniqueIdentifier>{93995380-89BD-4b04-88EB-625FBE52EBFB}</UniqueIdentifier>
      <Extensions>h;hh;hpp;hxx;hm;inl;inc;xsd</Extensions>
    </Filter>
    <Filter Include="Resource Files">
      <UniqueIdentifier>{67DA6AB6-F800-4c08-8B7A-83BB121AAD01}</UniqueIdentifier>
      <Extensions>rc;ico;cur;bmp;dlg;rc2;rct;bin;rgs;gif;jpg;jpeg;jpe;resx;tiff;tif;png;wav;mfcribbon-ms</Extensions>
    </Filter>
  </ItemGroup>
  <ItemGroup>
    <Text Include="ReadMe.txt" />
  </ItemGroup>
  <ItemGroup>
    <ClCompile Include="bmem.c">
      <Filter>Source Files</Filter>
    </ClCompile>
    <ClCompile Include="dstr.c">
      <Filter>Source Files</Filter>
    </ClCompile>
    <ClCompile Include="lexer.c">
      <Filter>Source Files</Filter>
    </ClCompile>
    <ClCompile Include="obfuscate.c">
      <Filter>Source Files</Filter>
    </ClCompile>
    <ClCompile Include="pipe-windows.c">
      <Filter>Source Files</Filter>
    </ClCompile>
    <ClCompile Include="platform.c">
      <Filter>Source Files</Filter>
    </ClCompile>
    <ClCompile Include="platform-windows.c">
      <Filter>Source Files</Filter>
    </ClCompile>
    <ClCompile Include="threading-windows.c">
      <Filter>Source Files</Filter>
    </ClCompile>
    <ClCompile Include="utf8.c">
      <Filter>Source Files</Filter>
    </ClCompile>
    <ClCompile Include="base.c">
      <Filter>Source Files</Filter>
    </ClCompile>
    <ClCompile Include="..\third_party\ipc-util\ipc-util\pipe-posix.c">
      <Filter>Source Files</Filter>
    </ClCompile>
    <ClCompile Include="inject-library.c">
      <Filter>Source Files</Filter>
    </ClCompile>
    <ClCompile Include="app-helpers.c">
      <Filter>Source Files</Filter>
    </ClCompile>
    <ClCompile Include="window-helpers.c">
      <Filter>Source Files</Filter>
    </ClCompile>
    <ClCompile Include="config-file.c">
      <Filter>Source Files</Filter>
    </ClCompile>
  </ItemGroup>
  <ItemGroup>
    <ClInclude Include="dstr.h">
      <Filter>Header Files</Filter>
    </ClInclude>
    <ClInclude Include="dstr.hpp">
      <Filter>Header Files</Filter>
    </ClInclude>
    <ClInclude Include="lexer.h">
      <Filter>Header Files</Filter>
    </ClInclude>
    <ClInclude Include="obfuscate.h">
      <Filter>Header Files</Filter>
    </ClInclude>
    <ClInclude Include="pipe.h">
      <Filter>Header Files</Filter>
    </ClInclude>
    <ClInclude Include="platform.h">
      <Filter>Header Files</Filter>
    </ClInclude>
    <ClInclude Include="threading.h">
      <Filter>Header Files</Filter>
    </ClInclude>
    <ClInclude Include="threading-windows.h">
      <Filter>Header Files</Filter>
    </ClInclude>
    <ClInclude Include="utf8.h">
      <Filter>Header Files</Filter>
    </ClInclude>
    <ClInclude Include="base.h">
      <Filter>Header Files</Filter>
    </ClInclude>
    <ClInclude Include="bmem.h">
      <Filter>Header Files</Filter>
    </ClInclude>
    <ClInclude Include="c99defs.h">
      <Filter>Header Files</Filter>
    </ClInclude>
    <ClInclude Include="darray.h">
      <Filter>Header Files</Filter>
    </ClInclude>
    <ClInclude Include="windows\ComPtr.hpp">
      <Filter>Header Files</Filter>
    </ClInclude>
    <ClInclude Include="windows\CoTaskMemPtr.hpp">
      <Filter>Header Files</Filter>
    </ClInclude>
    <ClInclude Include="windows\HRError.hpp">
      <Filter>Header Files</Filter>
    </ClInclude>
    <ClInclude Include="windows\WinHandle.hpp">
      <Filter>Header Files</Filter>
    </ClInclude>
    <ClInclude Include="windows\win-version.h">
      <Filter>Header Files</Filter>
    </ClInclude>
    <ClInclude Include="graphics-hook-info.h">
      <Filter>Header Files</Filter>
    </ClInclude>
    <ClInclude Include="hook-helpers.h">
      <Filter>Header Files</Filter>
    </ClInclude>
    <ClInclude Include="inject-library.h">
      <Filter>Header Files</Filter>
    </ClInclude>
    <ClInclude Include="app-helpers.h">
      <Filter>Header Files</Filter>
    </ClInclude>
    <ClInclude Include="window-helpers.h">
      <Filter>Header Files</Filter>
    </ClInclude>
    <ClInclude Include="config-file.h">
      <Filter>Header Files</Filter>
    </ClInclude>
  </ItemGroup>
</Project>